<?xml version="1.0" encoding="utf-8"?>
<Project ToolsVersion="4.0" xmlns="http://schemas.microsoft.com/developer/msbuild/2003">
  <ItemGroup>
    <Filter Include="Source Files">
      <UniqueIdentifier>{b30a9368-ce80-4ec3-bcc7-8a2a3cd030e4}</UniqueIdentifier>
      <Extensions>cpp;c;cxx;rc;def;r;odl;idl;hpj;bat</Extensions>
    </Filter>
    <Filter Include="Header Files">
      <UniqueIdentifier>{cab7c47d-5779-498a-a627-fac1d244b2e4}</UniqueIdentifier>
      <Extensions>h;hpp;hxx;hm;inl</Extensions>
    </Filter>
    <Filter Include="Resource Files">
      <UniqueIdentifier>{df2a1138-d117-449e-b74a-7c771ad82134}</UniqueIdentifier>
      <Extensions>ico;cur;bmp;dlg;rc2;rct;bin;rgs;gif;jpg;jpeg;jpe</Extensions>
    </Filter>
  </ItemGroup>
  <ItemGroup>
    <ClCompile Include="DumpTS.cpp">
      <Filter>Source Files</Filter>
    </ClCompile>
    <ClCompile Include="StdAfx.cpp">
      <Filter>Source Files</Filter>
    </ClCompile>
    <ClCompile Include="crc.cpp">
      <Filter>Source Files</Filter>
    </ClCompile>
    <ClCompile Include="PayloadBuf.cpp">
      <Filter>Source Files</Filter>
    </ClCompile>
    <ClCompile Include="RefactorTS.cpp">
      <Filter>Source Files</Filter>
    </ClCompile>
    <ClCompile Include="DumpStream.cpp">
      <Filter>Source Files</Filter>
    </ClCompile>
    <ClCompile Include="PartitialTS.cpp">
      <Filter>Source Files</Filter>
    </ClCompile>
    <ClCompile Include="Bitstream.cpp">
      <Filter>Source Files</Filter>
    </ClCompile>
    <ClCompile Include="AudChMap.cpp">
      <Filter>Source Files</Filter>
    </ClCompile>
    <ClCompile Include="DumpMP4.cpp">
      <Filter>Source Files</Filter>
    </ClCompile>
    <ClCompile Include="ISO14496_12.cpp">
      <Filter>Source Files</Filter>
    </ClCompile>
    <ClCompile Include="combase.cpp">
      <Filter>Source Files</Filter>
    </ClCompile>
    <ClCompile Include="AMRingBuffer.cpp">
      <Filter>Source Files</Filter>
    </ClCompile>
    <ClCompile Include="QTFF.cpp">
      <Filter>Source Files</Filter>
    </ClCompile>
    <ClCompile Include="ISO14496_15.cpp">
      <Filter>Source Files</Filter>
    </ClCompile>
    <ClCompile Include="ISO14496_1.cpp">
      <Filter>Source Files</Filter>
    </ClCompile>
    <ClCompile Include="Matroska.cpp">
      <Filter>Source Files</Filter>
    </ClCompile>
    <ClCompile Include="DumpMKV.cpp">
      <Filter>Source Files</Filter>
    </ClCompile>
    <ClCompile Include="ESRepacker.cpp">
      <Filter>Source Files</Filter>
    </ClCompile>
    <ClCompile Include="HuffmanTree.cpp">
      <Filter>Source Files</Filter>
    </ClCompile>
    <ClCompile Include="AIFF.cpp">
      <Filter>Source Files</Filter>
    </ClCompile>
  </ItemGroup>
  <ItemGroup>
    <ClInclude Include="StdAfx.h">
      <Filter>Header Files</Filter>
    </ClInclude>
    <ClInclude Include="crc.h">
      <Filter>Header Files</Filter>
    </ClInclude>
    <ClInclude Include="PayloadBuf.h">
      <Filter>Header Files</Filter>
    </ClInclude>
    <ClInclude Include="Bitstream.h">
      <Filter>Header Files</Filter>
    </ClInclude>
    <ClInclude Include="DumpTS.h">
      <Filter>Header Files</Filter>
    </ClInclude>
    <ClInclude Include="AudChMap.h">
      <Filter>Header Files</Filter>
    </ClInclude>
    <ClInclude Include="ISO14496_12.h">
      <Filter>Header Files</Filter>
    </ClInclude>
    <ClInclude Include="combase.h">
      <Filter>Header Files</Filter>
    </ClInclude>
    <ClInclude Include="AMRingBuffer.h">
      <Filter>Header Files</Filter>
    </ClInclude>
    <ClInclude Include="ISO14496_15.h">
      <Filter>Header Files</Filter>
    </ClInclude>
    <ClInclude Include="QTFF.h">
      <Filter>Header Files</Filter>
    </ClInclude>
    <ClInclude Include="ISO14496_1.h">
      <Filter>Header Files</Filter>
    </ClInclude>
    <ClInclude Include="Matroska.h">
      <Filter>Header Files</Filter>
    </ClInclude>
    <ClInclude Include="ESRepacker.h">
      <Filter>Header Files</Filter>
    </ClInclude>
    <ClInclude Include="CodecID.h">
      <Filter>Header Files</Filter>
    </ClInclude>
    <ClInclude Include="av1.h">
      <Filter>Header Files</Filter>
    </ClInclude>
    <ClInclude Include="AIFF.h">
      <Filter>Header Files</Filter>
    </ClInclude>
    <ClInclude Include="DataUtil.h">
      <Filter>Header Files</Filter>
    </ClInclude>
  </ItemGroup>
  <ItemGroup>
    <None Include="README.md" />
    <None Include="README.html" />
  </ItemGroup>
</Project>